Microsoft Visual Studio Solution File, Format Version 12.00
# Visual Studio Version 17
VisualStudioVersion = 17.0.31912.275
MinimumVisualStudioVersion = 16.0.0.0
Project("{9A19103F-16F7-4668-BE54-9A1E7A4F7556}") = "BlazorCMS.Server", "Server\BlazorCMS.Server.csproj", "{C31573F5-707B-4FCC-8534-0A6F5B83713B}"
EndProject
Project("{9A19103F-16F7-4668-BE54-9A1E7A4F7556}") = "BlazorCMS.Client", "Client\BlazorCMS.Client.csproj", "{E3955F7F-479F-468E-9747-24DB10BE9C77}"
EndProject
Project("{9A19103F-16F7-4668-BE54-9A1E7A4F7556}") = "BlazorCMS.Shared", "Shared\BlazorCMS.Shared.csproj", "{CD95F4AD-68E3-4EB0-959E-853EEEF04033}"
EndProject
Project("{FAE04EC0-301F-11D3-BF4B-00C04F79EFBC}") = "BlazorCMSPrerendered.Server", "BlazorCMSPrerendered\Server\BlazorCMSPrerendered.Server.csproj", "{85404A5C-234B-4AEC-9F97-CDA92B49F073}"
EndProject
Project("{FAE04EC0-301F-11D3-BF4B-00C04F79EFBC}") = "BlazorCMSPrerendered.Client", "BlazorCMSPrerendered\Client\BlazorCMSPrerendered.Client.csproj", "{51C871B7-5ADE-4F12-B3A8-008EEFEC3929}"
	ProjectSection(ProjectDependencies) = postProject
		{CD95F4AD-68E3-4EB0-959E-853EEEF04033} = {CD95F4AD-68E3-4EB0-959E-853EEEF04033}
	EndProjectSection
EndProject
Project("{FAE04EC0-301F-11D3-BF4B-00C04F79EFBC}") = "BlazorCMS.ClientData", "BlazorCMS.ClientData\BlazorCMS.ClientData.csproj", "{5C6F3E1E-F826-4288-AAF9-3AC55C62C72B}"
EndProject
Project("{FAE04EC0-301F-11D3-BF4B-00C04F79EFBC}") = "BlazorCMS.ServerData", "BlazorCMS.ServerData\BlazorCMS.ServerData.csproj", "{AD48F82A-5AEF-489D-957E-691483818FB3}"
EndProject
Project("{FAE04EC0-301F-11D3-BF4B-00C04F79EFBC}") = "BlazorCMS.UIComponents", "BlazorCMS.UIComponents\BlazorCMS.UIComponents.csproj", "{3A7DE6E7-E0D4-4FD1-BE18-41908AB6DA1A}"
EndProject
Global
	GlobalSection(SolutionConfigurationPlatforms) = preSolution
		Debug|Any CPU = Debug|Any CPU
		Debug|x64 = Debug|x64
		Debug|x86 = Debug|x86
		Release|Any CPU = Release|Any CPU
		Release|x64 = Release|x64
		Release|x86 = Release|x86
	EndGlobalSection
	GlobalSection(ProjectConfigurationPlatforms) = postSolution
		{C31573F5-707B-4FCC-8534-0A6F5B83713B}.Debug|Any CPU.ActiveCfg = Debug|Any CPU
		{C31573F5-707B-4FCC-8534-0A6F5B83713B}.Debug|Any CPU.Build.0 = Debug|Any CPU
		{C31573F5-707B-4FCC-8534-0A6F5B83713B}.Debug|x64.ActiveCfg = Debug|Any CPU
		{C31573F5-707B-4FCC-8534-0A6F5B83713B}.Debug|x64.Build.0 = Debug|Any CPU
		{C31573F5-707B-4FCC-8534-0A6F5B83713B}.Debug|x86.ActiveCfg = Debug|Any CPU
		{C31573F5-707B-4FCC-8534-0A6F5B83713B}.Debug|x86.Build.0 = Debug|Any CPU
		{C31573F5-707B-4FCC-8534-0A6F5B83713B}.Release|Any CPU.ActiveCfg = Release|Any CPU
		{C31573F5-707B-4FCC-8534-0A6F5B83713B}.Release|Any CPU.Build.0 = Release|Any CPU
		{C31573F5-707B-4FCC-8534-0A6F5B83713B}.Release|x64.ActiveCfg = Release|Any CPU
		{C31573F5-707B-4FCC-8534-0A6F5B83713B}.Release|x64.Build.0 = Release|Any CPU
		{C31573F5-707B-4FCC-8534-0A6F5B83713B}.Release|x86.ActiveCfg = Release|Any CPU
		{C31573F5-707B-4FCC-8534-0A6F5B83713B}.Release|x86.Build.0 = Release|Any CPU
		{E3955F7F-479F-468E-9747-24DB10BE9C77}.Debug|Any CPU.ActiveCfg = Debug|Any CPU
		{E3955F7F-479F-468E-9747-24DB10BE9C77}.Debug|Any CPU.Build.0 = Debug|Any CPU
		{E3955F7F-479F-468E-9747-24DB10BE9C77}.Debug|x64.ActiveCfg = Debug|Any CPU
		{E3955F7F-479F-468E-9747-24DB10BE9C77}.Debug|x64.Build.0 = Debug|Any CPU
		{E3955F7F-479F-468E-9747-24DB10BE9C77}.Debug|x86.ActiveCfg = Debug|Any CPU
		{E3955F7F-479F-468E-9747-24DB10BE9C77}.Debug|x86.Build.0 = Debug|Any CPU
		{E3955F7F-479F-468E-9747-24DB10BE9C77}.Release|Any CPU.ActiveCfg = Release|Any CPU
		{E3955F7F-479F-468E-9747-24DB10BE9C77}.Release|Any CPU.Build.0 = Release|Any CPU
		{E3955F7F-479F-468E-9747-24DB10BE9C77}.Release|x64.ActiveCfg = Release|Any CPU
		{E3955F7F-479F-468E-9747-24DB10BE9C77}.Release|x64.Build.0 = Release|Any CPU
		{E3955F7F-479F-468E-9747-24DB10BE9C77}.Release|x86.ActiveCfg = Release|Any CPU
		{E3955F7F-479F-468E-9747-24DB10BE9C77}.Release|x86.Build.0 = Release|Any CPU
		{CD95F4AD-68E3-4EB0-959E-853EEEF04033}.Debug|Any CPU.ActiveCfg = Debug|Any CPU
		{CD95F4AD-68E3-4EB0-959E-853EEEF04033}.Debug|Any CPU.Build.0 = Debug|Any CPU
		{CD95F4AD-68E3-4EB0-959E-853EEEF04033}.Debug|x64.ActiveCfg = Debug|Any CPU
		{CD95F4AD-68E3-4EB0-959E-853EEEF04033}.Debug|x64.Build.0 = Debug|Any CPU
		{CD95F4AD-68E3-4EB0-959E-853EEEF04033}.Debug|x86.ActiveCfg = Debug|Any CPU
		{CD95F4AD-68E3-4EB0-959E-853EEEF04033}.Debug|x86.Build.0 = Debug|Any CPU
		{CD95F4AD-68E3-4EB0-959E-853EEEF04033}.Release|Any CPU.ActiveCfg = Release|Any CPU
		{CD95F4AD-68E3-4EB0-959E-853EEEF04033}.Release|Any CPU.Build.0 = Release|Any CPU
		{CD95F4AD-68E3-4EB0-959E-853EEEF04033}.Release|x64.ActiveCfg = Release|Any CPU
		{CD95F4AD-68E3-4EB0-959E-853EEEF04033}.Release|x64.Build.0 = Release|Any CPU
		{CD95F4AD-68E3-4EB0-959E-853EEEF04033}.Release|x86.ActiveCfg = Release|Any CPU
		{CD95F4AD-68E3-4EB0-959E-853EEEF04033}.Release|x86.Build.0 = Release|Any CPU
		{85404A5C-234B-4AEC-9F97-CDA92B49F073}.Debug|Any CPU.ActiveCfg = Debug|Any CPU
		{85404A5C-234B-4AEC-9F97-CDA92B49F073}.Debug|Any CPU.Build.0 = Debug|Any CPU
		{85404A5C-234B-4AEC-9F97-CDA92B49F073}.Debug|x64.ActiveCfg = Debug|Any CPU
		{85404A5C-234B-4AEC-9F97-CDA92B49F073}.Debug|x64.Build.0 = Debug|Any CPU
		{85404A5C-234B-4AEC-9F97-CDA92B49F073}.Debug|x86.ActiveCfg = Debug|Any CPU
		{85404A5C-234B-4AEC-9F97-CDA92B49F073}.Debug|x86.Build.0 = Debug|Any CPU
		{85404A5C-234B-4AEC-9F97-CDA92B49F073}.Release|Any CPU.ActiveCfg = Release|Any CPU
		{85404A5C-234B-4AEC-9F97-CDA92B49F073}.Release|Any CPU.Build.0 = Release|Any CPU
		{85404A5C-234B-4AEC-9F97-CDA92B49F073}.Release|x64.ActiveCfg = Release|Any CPU
		{85404A5C-234B-4AEC-9F97-CDA92B49F073}.Release|x64.Build.0 = Release|Any CPU
		{85404A5C-234B-4AEC-9F97-CDA92B49F073}.Release|x86.ActiveCfg = Release|Any CPU
		{85404A5C-234B-4AEC-9F97-CDA92B49F073}.Release|x86.Build.0 = Release|Any CPU
		{51C871B7-5ADE-4F12-B3A8-008EEFEC3929}.Debug|Any CPU.ActiveCfg = Debug|Any CPU
		{51C871B7-5ADE-4F12-B3A8-008EEFEC3929}.Debug|Any CPU.Build.0 = Debug|Any CPU
		{51C871B7-5ADE-4F12-B3A8-008EEFEC3929}.Debug|x64.ActiveCfg = Debug|Any CPU
		{51C871B7-5ADE-4F12-B3A8-008EEFEC3929}.Debug|x64.Build.0 = Debug|Any CPU
		{51C871B7-5ADE-4F12-B3A8-008EEFEC3929}.Debug|x86.ActiveCfg = Debug|Any CPU
		{51C871B7-5ADE-4F12-B3A8-008EEFEC3929}.Debug|x86.Build.0 = Debug|Any CPU
		{51C871B7-5ADE-4F12-B3A8-008EEFEC3929}.Release|Any CPU.ActiveCfg = Release|Any CPU
		{51C871B7-5ADE-4F12-B3A8-008EEFEC3929}.Release|Any CPU.Build.0 = Release|Any CPU
		{51C871B7-5ADE-4F12-B3A8-008EEFEC3929}.Release|x64.ActiveCfg = Release|Any CPU
		{51C871B7-5ADE-4F12-B3A8-008EEFEC3929}.Release|x64.Build.0 = Release|Any CPU
		{51C871B7-5ADE-4F12-B3A8-008EEFEC3929}.Release|x86.ActiveCfg = Release|Any CPU
		{51C871B7-5ADE-4F12-B3A8-008EEFEC3929}.Release|x86.Build.0 = Release|Any CPU
		{5C6F3E1E-F826-4288-AAF9-3AC55C62C72B}.Debug|Any CPU.ActiveCfg = Debug|Any CPU
		{5C6F3E1E-F826-4288-AAF9-3AC55C62C72B}.Debug|Any CPU.Build.0 = Debug|Any CPU
		{5C6F3E1E-F826-4288-AAF9-3AC55C62C72B}.Debug|x64.ActiveCfg = Debug|Any CPU
		{5C6F3E1E-F826-4288-AAF9-3AC55C62C72B}.Debug|x64.Build.0 = Debug|Any CPU
		{5C6F3E1E-F826-4288-AAF9-3AC55C62C72B}.Debug|x86.ActiveCfg = Debug|Any CPU
		{5C6F3E1E-F826-4288-AAF9-3AC55C62C72B}.Debug|x86.Build.0 = Debug|Any CPU
		{5C6F3E1E-F826-4288-AAF9-3AC55C62C72B}.Release|Any CPU.ActiveCfg = Release|Any CPU
		{5C6F3E1E-F826-4288-AAF9-3AC55C62C72B}.Release|Any CPU.Build.0 = Release|Any CPU
		{5C6F3E1E-F826-4288-AAF9-3AC55C62C72B}.Release|x64.ActiveCfg = Release|Any CPU
		{5C6F3E1E-F826-4288-AAF9-3AC55C62C72B}.Release|x64.Build.0 = Release|Any CPU
		{5C6F3E1E-F826-4288-AAF9-3AC55C62C72B}.Release|x86.ActiveCfg = Release|Any CPU
		{5C6F3E1E-F826-4288-AAF9-3AC55C62C72B}.Release|x86.Build.0 = Release|Any CPU
		{AD48F82A-5AEF-489D-957E-691483818FB3}.Debug|Any CPU.ActiveCfg = Debug|Any CPU
		{AD48F82A-5AEF-489D-957E-691483818FB3}.Debug|Any CPU.Build.0 = Debug|Any CPU
		{AD48F82A-5AEF-489D-957E-691483818FB3}.Debug|x64.ActiveCfg = Debug|Any CPU
		{AD48F82A-5AEF-489D-957E-691483818FB3}.Debug|x64.Build.0 = Debug|Any CPU
		{AD48F82A-5AEF-489D-957E-691483818FB3}.Debug|x86.ActiveCfg = Debug|Any CPU
		{AD48F82A-5AEF-489D-957E-691483818FB3}.Debug|x86.Build.0 = Debug|Any CPU
		{AD48F82A-5AEF-489D-957E-691483818FB3}.Release|Any CPU.ActiveCfg = Release|Any CPU
		{AD48F82A-5AEF-489D-957E-691483818FB3}.Release|Any CPU.Build.0 = Release|Any CPU
		{AD48F82A-5AEF-489D-957E-691483818FB3}.Release|x64.ActiveCfg = Release|Any CPU
		{AD48F82A-5AEF-489D-957E-691483818FB3}.Release|x64.Build.0 = Release|Any CPU
		{AD48F82A-5AEF-489D-957E-691483818FB3}.Release|x86.ActiveCfg = Release|Any CPU
		{AD48F82A-5AEF-489D-957E-691483818FB3}.Release|x86.Build.0 = Release|Any CPU
		{3A7DE6E7-E0D4-4FD1-BE18-41908AB6DA1A}.Debug|Any CPU.ActiveCfg = Debug|Any CPU
		{3A7DE6E7-E0D4-4FD1-BE18-41908AB6DA1A}.Debug|Any CPU.Build.0 = Debug|Any CPU
		{3A7DE6E7-E0D4-4FD1-BE18-41908AB6DA1A}.Debug|x64.ActiveCfg = Debug|Any CPU
		{3A7DE6E7-E0D4-4FD1-BE18-41908AB6DA1A}.Debug|x64.Build.0 = Debug|Any CPU
		{3A7DE6E7-E0D4-4FD1-BE18-41908AB6DA1A}.Debug|x86.ActiveCfg = Debug|Any CPU
		{3A7DE6E7-E0D4-4FD1-BE18-41908AB6DA1A}.Debug|x86.Build.0 = Debug|Any CPU
		{3A7DE6E7-E0D4-4FD1-BE18-41908AB6DA1A}.Release|Any CPU.ActiveCfg = Release|Any CPU
		{3A7DE6E7-E0D4-4FD1-BE18-41908AB6DA1A}.Release|Any CPU.Build.0 = Release|Any CPU
		{3A7DE6E7-E0D4-4FD1-BE18-41908AB6DA1A}.Release|x64.ActiveCfg = Release|Any CPU
		{3A7DE6E7-E0D4-4FD1-BE18-41908AB6DA1A}.Release|x64.Build.0 = Release|Any CPU
		{3A7DE6E7-E0D4-4FD1-BE18-41908AB6DA1A}.Release|x86.ActiveCfg = Release|Any CPU
		{3A7DE6E7-E0D4-4FD1-BE18-41908AB6DA1A}.Release|x86.Build.0 = Release|Any CPU
	EndGlobalSection
	GlobalSection(SolutionProperties) = preSolution
		HideSolutionNode = FALSE
	EndGlobalSection
	GlobalSection(ExtensibilityGlobals) = postSolution
		SolutionGuid = {93FF66D8-B160-4C01-9D2E-E8E30176B996}
	EndGlobalSection
EndGlobal
